{
  "name": "playm8s-operator",
  "version": "0.0.1",
  "lockfileVersion": 3,
  "requires": true,
  "packages": {
    "": {
      "name": "playm8s-operator",
      "version": "0.0.1",
      "dependencies": {
        "cdk8s": "^2.70.37",
        "cdk8s-plus-33": "^2.4.14",
        "typescript": "^5.9.3"
      },
      "devDependencies": {},
      "engines": {
        "node": ">=24.0.0"
      }
    },
    "node_modules/cdk8s": {
      "version": "2.70.38",
      "resolved": "https://registry.npmjs.org/cdk8s/-/cdk8s-2.70.38.tgz",
      "integrity": "sha512-xuzOi1uDg9GlS3zJqhnXL7ogiw6dXrLyL1yf5cKQmBDguhOE9DDU0lt9VIOrFUzzwwdwgmkBwSQoUpA6Q6m7Ag==",
      "bundleDependencies": [
        "fast-json-patch",
        "follow-redirects",
        "yaml"
      ],
      "license": "Apache-2.0",
      "dependencies": {
        "fast-json-patch": "^3.1.1",
        "follow-redirects": "^1.15.11",
        "yaml": "2.8.2"
      },
      "engines": {
        "node": ">= 16.20.0"
      },
      "peerDependencies": {
        "constructs": "^10"
      }
    },
    "node_modules/cdk8s-plus-33": {
      "version": "2.4.15",
      "resolved": "https://registry.npmjs.org/cdk8s-plus-33/-/cdk8s-plus-33-2.4.15.tgz",
      "integrity": "sha512-DaAV7kJgyfOpHM7ZfYNnbW0dKMVXMHpQVUinjoUmnEJ/yBsYrDA/GJmJ8dUi95OU1yhZOH82ZiLCXsG5u6zkxA==",
      "bundleDependencies": [
        "minimatch"
      ],
      "license": "Apache-2.0",
      "dependencies": {
        "minimatch": "^9.0.5"
      },
      "engines": {
        "node": ">= 16.20.0"
      },
      "peerDependencies": {
        "cdk8s": "^2.68.11",
        "constructs": "^10.3.0"
      }
    },
    "node_modules/cdk8s-plus-33/node_modules/balanced-match": {
      "version": "1.0.2",
      "inBundle": true,
      "license": "MIT"
    },
    "node_modules/cdk8s-plus-33/node_modules/brace-expansion": {
      "version": "2.0.2",
      "inBundle": true,
      "license": "MIT",
      "dependencies": {
        "balanced-match": "^1.0.0"
      }
    },
    "node_modules/cdk8s-plus-33/node_modules/minimatch": {
      "version": "9.0.5",
      "inBundle": true,
      "license": "ISC",
      "dependencies": {
        "brace-expansion": "^2.0.1"
      },
      "engines": {
        "node": ">=16 || 14 >=14.17"
      },
      "funding": {
        "url": "https://github.com/sponsors/isaacs"
      }
    },
    "node_modules/cdk8s/node_modules/fast-json-patch": {
      "version": "3.1.1",
      "inBundle": true,
      "license": "MIT"
    },
    "node_modules/cdk8s/node_modules/follow-redirects": {
      "version": "1.15.11",
      "funding": [
        {
          "type": "individual",
          "url": "https://github.com/sponsors/RubenVerborgh"
        }
      ],
      "inBundle": true,
      "license": "MIT",
      "engines": {
        "node": ">=4.0"
      },
      "peerDependenciesMeta": {
        "debug": {
          "optional": true
        }
      }
    },
    "node_modules/cdk8s/node_modules/yaml": {
      "version": "2.8.2",
      "inBundle": true,
      "license": "ISC",
      "bin": {
        "yaml": "bin.mjs"
      },
      "engines": {
        "node": ">= 14.6"
      },
      "funding": {
        "url": "https://github.com/sponsors/eemeli"
      }
    },
    "node_modules/constructs": {
      "version": "10.4.4",
      "resolved": "https://registry.npmjs.org/constructs/-/constructs-10.4.4.tgz",
      "integrity": "sha512-lP0qC1oViYf1cutHo9/KQ8QL637f/W29tDmv/6sy35F5zs+MD9f66nbAAIjicwc7fwyuF3rkg6PhZh4sfvWIpA==",
      "license": "Apache-2.0",
      "peer": true
    },
    "node_modules/typescript": {
      "version": "5.9.3",
      "resolved": "https://registry.npmjs.org/typescript/-/typescript-5.9.3.tgz",
      "integrity": "sha512-jl1vZzPDinLr9eUt3J/t7V6FgNEw9QjvBPdysz9KfQDD41fQrC2Y4vKQdiaUpFT4bXlb1RHhLpp8wtm6M5TgSw==",
      "license": "Apache-2.0",
      "bin": {
        "tsc": "bin/tsc",
        "tsserver": "bin/tsserver"
      },
      "engines": {
        "node": ">=14.17"
      }
    }
  }
}
